// !$*UTF8*$!
{
	archiveVersion = 1;
	classes = {
	};
	objectVersion = 46;
	objects = {

/* Begin PBXBuildFile section */
		52FB70711DBC794200B2A442 /* main.m in Sources */ = {isa = PBXBuildFile; fileRef = 52FB70701DBC794200B2A442 /* main.m */; };
		52FB70741DBC794200B2A442 /* AppDelegate.m in Sources */ = {isa = PBXBuildFile; fileRef = 52FB70731DBC794200B2A442 /* AppDelegate.m */; };
		52FB70771DBC794200B2A442 /* ViewController.m in Sources */ = {isa = PBXBuildFile; fileRef = 52FB70761DBC794200B2A442 /* ViewController.m */; };
		52FB707A1DBC794200B2A442 /* Main.storyboard in Resources */ = {isa = PBXBuildFile; fileRef = 52FB70781DBC794200B2A442 /* Main.storyboard */; };
		52FB707C1DBC794200B2A442 /* Assets.xcassets in Resources */ = {isa = PBXBuildFile; fileRef = 52FB707B1DBC794200B2A442 /* Assets.xcassets */; };
		52FB707F1DBC794200B2A442 /* LaunchScreen.storyboard in Resources */ = {isa = PBXBuildFile; fileRef = 52FB707D1DBC794200B2A442 /* LaunchScreen.storyboard */; };
		52FB708D1DBC7CB900B2A442 /* LWXObject.m in Sources */ = {isa = PBXBuildFile; fileRef = 52FB708C1DBC7CB900B2A442 /* LWXObject.m */; };
		B1BFBEC579D0399D31B0B7E4 /* libPods-LearnCocoapods.a in Frameworks */ = {isa = PBXBuildFile; fileRef = 9E578D5A3F9EC68F0EA8587B /* libPods-LearnCocoapods.a */; };
/* End PBXBuildFile section */

/* Begin PBXFileReference section */
		52FB706C1DBC794200B2A442 /* LearnCocoapods.app */ = {isa = PBXFileReference; explicitFileType = wrapper.application; includeInIndex = 0; path = LearnCocoapods.app; sourceTree = BUILT_PRODUCTS_DIR; };
		52FB70701DBC794200B2A442 /* main.m */ = {isa = PBXFileReference; lastKnownFileType = sourcecode.c.objc; path = main.m; sourceTree = "<group>"; };
		52FB70721DBC794200B2A442 /* AppDelegate.h */ = {isa = PBXFileReference; lastKnownFileType = sourcecode.c.h; path = AppDelegate.h; sourceTree = "<group>"; };
		52FB70731DBC794200B2A442 /* AppDelegate.m */ = {isa = PBXFileReference; lastKnownFileType = sourcecode.c.objc; path = AppDelegate.m; sourceTree = "<group>"; };
		52FB70751DBC794200B2A442 /* ViewController.h */ = {isa = PBXFileReference; lastKnownFileType = sourcecode.c.h; path = ViewController.h; sourceTree = "<group>"; };
		52FB70761DBC794200B2A442 /* ViewController.m */ = {isa = PBXFileReference; lastKnownFileType = sourcecode.c.objc; path = ViewController.m; sourceTree = "<group>"; };
		52FB70791DBC794200B2A442 /* Base */ = {isa = PBXFileReference; lastKnownFileType = file.storyboard; name = Base; path = Base.lproj/Main.storyboard; sourceTree = "<group>"; };
		52FB707B1DBC794200B2A442 /* Assets.xcassets */ = {isa = PBXFileReference; lastKnownFileType = folder.assetcatalog; path = Assets.xcassets; sourceTree = "<group>"; };
		52FB707E1DBC794200B2A442 /* Base */ = {isa = PBXFileReference; lastKnownFileType = file.storyboard; name = Base; path = Base.lproj/LaunchScreen.storyboard; sourceTree = "<group>"; };
		52FB70801DBC794200B2A442 /* Info.plist */ = {isa = PBXFileReference; lastKnownFileType = text.plist.xml; path = Info.plist; sourceTree = "<group>"; };
		52FB708B1DBC7CB900B2A442 /* LWXObject.h */ = {isa = PBXFileReference; fileEncoding = 4; lastKnownFileType = sourcecode.c.h; path = LWXObject.h; sourceTree = "<group>"; };
		52FB708C1DBC7CB900B2A442 /* LWXObject.m */ = {isa = PBXFileReference; fileEncoding = 4; lastKnownFileType = sourcecode.c.objc; path = LWXObject.m; sourceTree = "<group>"; };
		81E333BBC5990033B05C501D /* Pods-LearnCocoapods.release.xcconfig */ = {isa = PBXFileReference; includeInIndex = 1; lastKnownFileType = text.xcconfig; name = "Pods-LearnCocoapods.release.xcconfig"; path = "Pods/Target Support Files/Pods-LearnCocoapods/Pods-LearnCocoapods.release.xcconfig"; sourceTree = "<group>"; };
		9E578D5A3F9EC68F0EA8587B /* libPods-LearnCocoapods.a */ = {isa = PBXFileReference; explicitFileType = archive.ar; includeInIndex = 0; path = "libPods-LearnCocoapods.a"; sourceTree = BUILT_PRODUCTS_DIR; };
		B2E7BC7BBCF65BA45FDDC5F1 /* Pods-LearnCocoapods.debug.xcconfig */ = {isa = PBXFileReference; includeInIndex = 1; lastKnownFileType = text.xcconfig; name = "Pods-LearnCocoapods.debug.xcconfig"; path = "Pods/Target Support Files/Pods-LearnCocoapods/Pods-LearnCocoapods.debug.xcconfig"; sourceTree = "<group>"; };
/* End PBXFileReference section */

/* Begin PBXFrameworksBuildPhase section */
		52FB70691DBC794200B2A442 /* Frameworks */ = {
			isa = PBXFrameworksBuildPhase;
			buildActionMask = 2147483647;
			files = (
				B1BFBEC579D0399D31B0B7E4 /* libPods-LearnCocoapods.a in Frameworks */,
			);
			runOnlyForDeploymentPostprocessing = 0;
		};
/* End PBXFrameworksBuildPhase section */

/* Begin PBXGroup section */
		092A076611CAE4CFCCBCEE78 /* Pods */ = {
			isa = PBXGroup;
			children = (
				B2E7BC7BBCF65BA45FDDC5F1 /* Pods-LearnCocoapods.debug.xcconfig */,
				81E333BBC5990033B05C501D /* Pods-LearnCocoapods.release.xcconfig */,
			);
			name = Pods;
			sourceTree = "<group>";
		};
		1D23BB426345479810334157 /* Frameworks */ = {
			isa = PBXGroup;
			children = (
				9E578D5A3F9EC68F0EA8587B /* libPods-LearnCocoapods.a */,
			);
			name = Frameworks;
			sourceTree = "<group>";
		};
		52FB70631DBC794200B2A442 = {
			isa = PBXGroup;
			children = (
				52FB706E1DBC794200B2A442 /* LearnCocoapods */,
				52FB706D1DBC794200B2A442 /* Products */,
				092A076611CAE4CFCCBCEE78 /* Pods */,
				1D23BB426345479810334157 /* Frameworks */,
			);
			sourceTree = "<group>";
		};
		52FB706D1DBC794200B2A442 /* Products */ = {
			isa = PBXGroup;
			children = (
				52FB706C1DBC794200B2A442 /* LearnCocoapods.app */,
			);
			name = Products;
			sourceTree = "<group>";
		};
		52FB706E1DBC794200B2A442 /* LearnCocoapods */ = {
			isa = PBXGroup;
			children = (
				52FB708A1DBC7CB900B2A442 /* Class */,
				52FB70721DBC794200B2A442 /* AppDelegate.h */,
				52FB70731DBC794200B2A442 /* AppDelegate.m */,
				52FB70751DBC794200B2A442 /* ViewController.h */,
				52FB70761DBC794200B2A442 /* ViewController.m */,
				52FB70781DBC794200B2A442 /* Main.storyboard */,
				52FB707B1DBC794200B2A442 /* Assets.xcassets */,
				52FB707D1DBC794200B2A442 /* LaunchScreen.storyboard */,
				52FB70801DBC794200B2A442 /* Info.plist */,
				52FB706F1DBC794200B2A442 /* Supporting Files */,
			);
			path = LearnCocoapods;
			sourceTree = "<group>";
		};
		52FB706F1DBC794200B2A442 /* Supporting Files */ = {
			isa = PBXGroup;
			children = (
				52FB70701DBC794200B2A442 /* main.m */,
			);
			name = "Supporting Files";
			sourceTree = "<group>";
		};
		52FB708A1DBC7CB900B2A442 /* Class */ = {
			isa = PBXGroup;
			children = (
				52FB708B1DBC7CB900B2A442 /* LWXObject.h */,
				52FB708C1DBC7CB900B2A442 /* LWXObject.m */,
			);
			path = Class;
			sourceTree = "<group>";
		};
/* End PBXGroup section */

/* Begin PBXNativeTarget section */
		52FB706B1DBC794200B2A442 /* LearnCocoapods */ = {
			isa = PBXNativeTarget;
			buildConfigurationList = 52FB70831DBC794200B2A442 /* Build configuration list for PBXNativeTarget "LearnCocoapods" */;
			buildPhases = (
				3ACBCA67FE10F30E8D1C284E /* [CP] Check Pods Manifest.lock */,
				52FB70681DBC794200B2A442 /* Sources */,
				52FB70691DBC794200B2A442 /* Frameworks */,
				52FB706A1DBC794200B2A442 /* Resources */,
				1AF2826ECD2BC85CA0308A11 /* [CP] Embed Pods Frameworks */,
				200C2BE9F611F67F52BCAF1C /* [CP] Copy Pods Resources */,
			);
			buildRules = (
			);
			dependencies = (
			);
			name = LearnCocoapods;
			productName = LearnCocoapods;
			productReference = 52FB706C1DBC794200B2A442 /* LearnCocoapods.app */;
			productType = "com.apple.product-type.application";
		};
/* End PBXNativeTarget section */

/* Begin PBXProject section */
		52FB70641DBC794200B2A442 /* Project object */ = {
			isa = PBXProject;
			attributes = {
				LastUpgradeCheck = 0800;
				ORGANIZATIONNAME = LWXCompany;
				TargetAttributes = {
					52FB706B1DBC794200B2A442 = {
						CreatedOnToolsVersion = 8.0;
						ProvisioningStyle = Automatic;
					};
				};
			};
			buildConfigurationList = 52FB70671DBC794200B2A442 /* Build configuration list for PBXProject "LearnCocoapods" */;
			compatibilityVersion = "Xcode 3.2";
			developmentRegion = English;
			hasScannedForEncodings = 0;
			knownRegions = (
				en,
				Base,
			);
			mainGroup = 52FB70631DBC794200B2A442;
			productRefGroup = 52FB706D1DBC794200B2A442 /* Products */;
			projectDirPath = "";
			projectRoot = "";
			targets = (
				52FB706B1DBC794200B2A442 /* LearnCocoapods */,
			);
		};
/* End PBXProject section */

/* Begin PBXResourcesBuildPhase section */
		52FB706A1DBC794200B2A442 /* Resources */ = {
			isa = PBXResourcesBuildPhase;
			buildActionMask = 2147483647;
			files = (
				52FB707F1DBC794200B2A442 /* LaunchScreen.storyboard in Resources */,
				52FB707C1DBC794200B2A442 /* Assets.xcassets in Resources */,
				52FB707A1DBC794200B2A442 /* Main.storyboard in Resources */,
			);
			runOnlyForDeploymentPostprocessing = 0;
		};
/* End PBXResourcesBuildPhase section */

/* Begin PBXShellScriptBuildPhase section */
		1AF2826ECD2BC85CA0308A11 /* [CP] Embed Pods Frameworks */ = {
			isa = PBXShellScriptBuildPhase;
			buildActionMask = 2147483647;
			files = (
			);
			inputPaths = (
			);
			name = "[CP] Embed Pods Frameworks";
			outputPaths = (
			);
			runOnlyForDeploymentPostprocessing = 0;
			shellPath = /bin/sh;
			shellScript = "\"${SRCROOT}/Pods/Target Support Files/Pods-LearnCocoapods/Pods-LearnCocoapods-frameworks.sh\"\n";
			showEnvVarsInLog = 0;
		};
		200C2BE9F611F67F52BCAF1C /* [CP] Copy Pods Resources */ = {
			isa = PBXShellScriptBuildPhase;
			buildActionMask = 2147483647;
			files = (
			);
			inputPaths = (
			);
			name = "[CP] Copy Pods Resources";
			outputPaths = (
			);
			runOnlyForDeploymentPostprocessing = 0;
			shellPath = /bin/sh;
			shellScript = "\"${SRCROOT}/Pods/Target Support Files/Pods-LearnCocoapods/Pods-LearnCocoapods-resources.sh\"\n";
			showEnvVarsInLog = 0;
		};
		3ACBCA67FE10F30E8D1C284E /* [CP] Check Pods Manifest.lock */ = {
			isa = PBXShellScriptBuildPhase;
			buildActionMask = 2147483647;
			files = (
			);
			inputPaths = (
			);
			name = "[CP] Check Pods Manifest.lock";
			outputPaths = (
			);
			runOnlyForDeploymentPostprocessing = 0;
			shellPath = /bin/sh;
			shellScript = "diff \"${PODS_ROOT}/../Podfile.lock\" \"${PODS_ROOT}/Manifest.lock\" > /dev/null\nif [[ $? != 0 ]] ; then\n    cat << EOM\nerror: The sandbox is not in sync with the Podfile.lock. Run 'pod install' or update your CocoaPods installation.\nEOM\n    exit 1\nfi\n";
			showEnvVarsInLog = 0;
		};
/* End PBXShellScriptBuildPhase section */

/* Begin PBXSourcesBuildPhase section */
		52FB70681DBC794200B2A442 /* Sources */ = {
			isa = PBXSourcesBuildPhase;
			buildActionMask = 2147483647;
			files = (
				52FB708D1DBC7CB900B2A442 /* LWXObject.m in Sources */,
				52FB70771DBC794200B2A442 /* ViewController.m in Sources */,
				52FB70741DBC794200B2A442 /* AppDelegate.m in Sources */,
				52FB70711DBC794200B2A442 /* main.m in Sources */,
			);
			runOnlyForDeploymentPostprocessing = 0;
		};
/* End PBXSourcesBuildPhase section */

/* Begin PBXVariantGroup section */
		52FB70781DBC794200B2A442 /* Main.storyboard */ = {
			isa = PBXVariantGroup;
			children = (
				52FB70791DBC794200B2A442 /* Base */,
			);
			name = Main.storyboard;
			sourceTree = "<group>";
		};
		52FB707D1DBC794200B2A442 /* LaunchScreen.storyboard */ = {
			isa = PBXVariantGroup;
			children = (
				52FB707E1DBC794200B2A442 /* Base */,
			);
			name = LaunchScreen.storyboard;
			sourceTree = "<group>";
		};
/* End PBXVariantGroup section */

/* Begin XCBuildConfiguration section */
		52FB70811DBC794200B2A442 /* Debug */ = {
			isa = XCBuildConfiguration;
			buildSettings = {
				ALWAYS_SEARCH_USER_PATHS = NO;
				CLANG_ANALYZER_NONNULL = YES;
				CLANG_CXX_LANGUAGE_STANDARD = "gnu++0x";
				CLANG_CXX_LIBRARY = "libc++";
				CLANG_ENABLE_MODULES = YES;
				CLANG_ENABLE_OBJC_ARC = YES;
				CLANG_WARN_BOOL_CONVERSION = YES;
				CLANG_WARN_CONSTANT_CONVERSION = YES;
				CLANG_WARN_DIRECT_OBJC_ISA_USAGE = YES_ERROR;
				CLANG_WARN_DOCUMENTATION_COMMENTS = YES;
				CLANG_WARN_EMPTY_BODY = YES;
				CLANG_WARN_ENUM_CONVERSION = YES;
				CLANG_WARN_INFINITE_RECURSION = YES;
				CLANG_WARN_INT_CONVERSION = YES;
				CLANG_WARN_OBJC_ROOT_CLASS = YES_ERROR;
				CLANG_WARN_SUSPICIOUS_MOVES = YES;
				CLANG_WARN_UNREACHABLE_CODE = YES;
				CLANG_WARN__DUPLICATE_METHOD_MATCH = YES;
				"CODE_SIGN_IDENTITY[sdk=iphoneos*]" = "iPhone Developer";
				COPY_PHASE_STRIP = NO;
				DEBUG_INFORMATION_FORMAT = dwarf;
				ENABLE_STRICT_OBJC_MSGSEND = YES;
				ENABLE_TESTABILITY = YES;
				GCC_C_LANGUAGE_STANDARD = gnu99;
				GCC_DYNAMIC_NO_PIC = NO;
				GCC_NO_COMMON_BLOCKS = YES;
				GCC_OPTIMIZATION_LEVEL = 0;
				GCC_PREPROCESSOR_DEFINITIONS = (
					"DEBUG=1",
					"$(inherited)",
				);
				GCC_WARN_64_TO_32_BIT_CONVERSION = YES;
				GCC_WARN_ABOUT_RETURN_TYPE = YES_ERROR;
				GCC_WARN_UNDECLARED_SELECTOR = YES;
				GCC_WARN_UNINITIALIZED_AUTOS = YES_AGGRESSIVE;
				GCC_WARN_UNUSED_FUNCTION = YES;
				GCC_WARN_UNUSED_VARIABLE = YES;
				IPHONEOS_DEPLOYMENT_TARGET = 10.0;
				MTL_ENABLE_DEBUG_INFO = YES;
				ONLY_ACTIVE_ARCH = YES;
				SDKROOT = iphoneos;
			};
			name = Debug;
		};
		52FB70821DBC794200B2A442 /* Release */ = {
			isa = XCBuildConfiguration;
			buildSettings = {
				ALWAYS_SEARCH_USER_PATHS = NO;
				CLANG_ANALYZER_NONNULL = YES;
				CLANG_CXX_LANGUAGE_STANDARD = "gnu++0x";
				CLANG_CXX_LIBRARY = "libc++";
				CLANG_ENABLE_MODULES = YES;
				CLANG_ENABLE_OBJC_ARC = YES;
				CLANG_WARN_BOOL_CONVERSION = YES;
				CLANG_WARN_CONSTANT_CONVERSION = YES;
				CLANG_WARN_DIRECT_OBJC_ISA_USAGE = YES_ERROR;
				CLANG_WARN_DOCUMENTATION_COMMENTS = YES;
				CLANG_WARN_EMPTY_BODY = YES;
				CLANG_WARN_ENUM_CONVERSION = YES;
				CLANG_WARN_INFINITE_RECURSION = YES;
				CLANG_WARN_INT_CONVERSION = YES;
				CLANG_WARN_OBJC_ROOT_CLASS = YES_ERROR;
				CLANG_WARN_SUSPICIOUS_MOVES = YES;
				CLANG_WARN_UNREACHABLE_CODE = YES;
				CLANG_WARN__DUPLICATE_METHOD_MATCH = YES;
				"CODE_SIGN_IDENTITY[sdk=iphoneos*]" = "iPhone Developer";
				COPY_PHASE_STRIP = NO;
				DEBUG_INFORMATION_FORMAT = "dwarf-with-dsym";
				ENABLE_NS_ASSERTIONS = NO;
				ENABLE_STRICT_OBJC_MSGSEND = YES;
				GCC_C_LANGUAGE_STANDARD = gnu99;
				GCC_NO_COMMON_BLOCKS = YES;
				GCC_WARN_64_TO_32_BIT_CONVERSION = YES;
				GCC_WARN_ABOUT_RETURN_TYPE = YES_ERROR;
				GCC_WARN_UNDECLARED_SELECTOR = YES;
				GCC_WARN_UNINITIALIZED_AUTOS = YES_AGGRESSIVE;
				GCC_WARN_UNUSED_FUNCTION = YES;
				GCC_WARN_UNUSED_VARIABLE = YES;
				IPHONEOS_DEPLOYMENT_TARGET = 10.0;
				MTL_ENABLE_DEBUG_INFO = NO;
				SDKROOT = iphoneos;
				VALIDATE_PRODUCT = YES;
			};
			name = Release;
		};
		52FB70841DBC794200B2A442 /* Debug */ = {
			isa = XCBuildConfiguration;
			baseConfigurationReference = B2E7BC7BBCF65BA45FDDC5F1 /* Pods-LearnCocoapods.debug.xcconfig */;
			buildSettings = {
				ASSETCATALOG_COMPILER_APPICON_NAME = AppIcon;
				INFOPLIST_FILE = LearnCocoapods/Info.plist;
				IPHONEOS_DEPLOYMENT_TARGET = 8.0;
				LD_RUNPATH_SEARCH_PATHS = "$(inherited) @executable_path/Frameworks";
				PRODUCT_BUNDLE_IDENTIFIER = com.dingjia.LearnCocoapods;
				PRODUCT_NAME = "$(TARGET_NAME)";
			};
			name = Debug;
		};
		52FB70851DBC794200B2A442 /* Release */ = {
			isa = XCBuildConfiguration;
			baseConfigurationReference = 81E333BBC5990033B05C501D /* Pods-LearnCocoapods.release.xcconfig */;
			buildSettings = {
				ASSETCATALOG_COMPILER_APPICON_NAME = AppIcon;
				INFOPLIST_FILE = LearnCocoapods/Info.plist;
				IPHONEOS_DEPLOYMENT_TARGET = 8.0;
				LD_RUNPATH_SEARCH_PATHS = "$(inherited) @executable_path/Frameworks";
				PRODUCT_BUNDLE_IDENTIFIER = com.dingjia.LearnCocoapods;
				PRODUCT_NAME = "$(TARGET_NAME)";
			};
			name = Release;
		};
/* End XCBuildConfiguration section */

/* Begin XCConfigurationList section */
		52FB70671DBC794200B2A442 /* Build configuration list for PBXProject "LearnCocoapods" */ = {
			isa = XCConfigurationList;
			buildConfigurations = (
				52FB70811DBC794200B2A442 /* Debug */,
				52FB70821DBC794200B2A442 /* Release */,
			);
			defaultConfigurationIsVisible = 0;
			defaultConfigurationName = Release;
		};
		52FB70831DBC794200B2A442 /* Build configuration list for PBXNativeTarget "LearnCocoapods" */ = {
			isa = XCConfigurationList;
			buildConfigurations = (
				52FB70841DBC794200B2A442 /* Debug */,
				52FB70851DBC794200B2A442 /* Release */,
			);
			defaultConfigurationIsVisible = 0;
			defaultConfigurationName = Release;
		};
/* End XCConfigurationList section */
	};
	rootObject = 52FB70641DBC794200B2A442 /* Project object */;
}
